
Microsoft Visual Studio Solution File, Format Version 12.00
# Visual Studio 15
VisualStudioVersion = 15.0.26228.9
MinimumVisualStudioVersion = 10.0.40219.1
Project("{FAE04EC0-301F-11D3-BF4B-00C04F79EFBC}") = "BioInf", "BioInf\BioInf.csproj", "{1EA41294-AB5B-419A-B1B3-E38AE007D163}"
EndProject
Project("{FAE04EC0-301F-11D3-BF4B-00C04F79EFBC}") = "BioInf.Test", "BioInf.Test\BioInf.Test.csproj", "{443DACBD-0EF3-4575-80E6-3E7E944CFE56}"
EndProject
Global
	GlobalSection(SolutionConfigurationPlatforms) = preSolution
		Debug|Any CPU = Debug|Any CPU
		Release|Any CPU = Release|Any CPU
	EndGlobalSection
	GlobalSection(ProjectConfigurationPlatforms) = postSolution
		{1EA41294-AB5B-419A-B1B3-E38AE007D163}.Debug|Any CPU.ActiveCfg = Debug|Any CPU
		{1EA41294-AB5B-419A-B1B3-E38AE007D163}.Debug|Any CPU.Build.0 = Debug|Any CPU
		{1EA41294-AB5B-419A-B1B3-E38AE007D163}.Release|Any CPU.ActiveCfg = Release|Any CPU
		{1EA41294-AB5B-419A-B1B3-E38AE007D163}.Release|Any CPU.Build.0 = Release|Any CPU
		{443DACBD-0EF3-4575-80E6-3E7E944CFE56}.Debug|Any CPU.ActiveCfg = Debug|Any CPU
		{443DACBD-0EF3-4575-80E6-3E7E944CFE56}.Debug|Any CPU.Build.0 = Debug|Any CPU
		{443DACBD-0EF3-4575-80E6-3E7E944CFE56}.Release|Any CPU.ActiveCfg = Release|Any CPU
		{443DACBD-0EF3-4575-80E6-3E7E944CFE56}.Release|Any CPU.Build.0 = Release|Any CPU
	EndGlobalSection
	GlobalSection(SolutionProperties) = preSolution
		HideSolutionNode = FALSE
	EndGlobalSection
EndGlobal
